
Microsoft Visual Studio Solution File, Format Version 11.00
# Visual Studio 2010
Project("{FAE04EC0-301F-11D3-BF4B-00C04F79EFBC}") = "Assembly-CSharp", "Assembly-CSharp.csproj", "{5036628c-01af-5d70-8518-68ce59ab53db}"
EndProject
Project("{FAE04EC0-301F-11D3-BF4B-00C04F79EFBC}") = "Assembly-CSharp-Editor", "Assembly-CSharp-Editor.csproj", "{62393e1a-814f-b3d9-4b01-620cf3684222}"
EndProject
Global
	GlobalSection(SolutionConfigurationPlatforms) = preSolution
		Debug|Any CPU = Debug|Any CPU
	EndGlobalSection
	GlobalSection(ProjectConfigurationPlatforms) = postSolution
		{5036628c-01af-5d70-8518-68ce59ab53db}.Debug|Any CPU.ActiveCfg = Debug|Any CPU
		{5036628c-01af-5d70-8518-68ce59ab53db}.Debug|Any CPU.Build.0 = Debug|Any CPU
		{62393e1a-814f-b3d9-4b01-620cf3684222}.Debug|Any CPU.ActiveCfg = Debug|Any CPU
		{62393e1a-814f-b3d9-4b01-620cf3684222}.Debug|Any CPU.Build.0 = Debug|Any CPU
	EndGlobalSection
	GlobalSection(SolutionProperties) = preSolution
		HideSolutionNode = FALSE
	EndGlobalSection
EndGlobal
